// !$*UTF8*$!
{
	archiveVersion = 1;
	classes = {
	};
	objectVersion = 46;
	objects = {

/* Begin PBXBuildFile section */
		911937C71C5FA19000F3E733 /* AverageScoreVC.swift in Sources */ = {isa = PBXBuildFile; fileRef = 911937C61C5FA19000F3E733 /* AverageScoreVC.swift */; };
		911937C91C5FA66A00F3E733 /* OptionsForSelectedProfileVC.swift in Sources */ = {isa = PBXBuildFile; fileRef = 911937C81C5FA66A00F3E733 /* OptionsForSelectedProfileVC.swift */; };
		911937CB1C5FAA3100F3E733 /* BestScoreVC.swift in Sources */ = {isa = PBXBuildFile; fileRef = 911937CA1C5FAA3100F3E733 /* BestScoreVC.swift */; };
		911937CD1C5FAA4A00F3E733 /* EditProfileVC.swift in Sources */ = {isa = PBXBuildFile; fileRef = 911937CC1C5FAA4A00F3E733 /* EditProfileVC.swift */; };
		9186AE4F1C5BEBBC0033AEF0 /* EntriesForSelectedProfileTableVC.swift in Sources */ = {isa = PBXBuildFile; fileRef = 9186AE4E1C5BEBBC0033AEF0 /* EntriesForSelectedProfileTableVC.swift */; };
		918F3BCA1BA754D50040C108 /* AppDelegate.swift in Sources */ = {isa = PBXBuildFile; fileRef = 918F3BC91BA754D50040C108 /* AppDelegate.swift */; };
		918F3BCD1BA754D50040C108 /* SimpleCoreDataHotAndCrazy.xcdatamodeld in Sources */ = {isa = PBXBuildFile; fileRef = 918F3BCB1BA754D50040C108 /* SimpleCoreDataHotAndCrazy.xcdatamodeld */; };
		918F3BCF1BA754D50040C108 /* ViewController.swift in Sources */ = {isa = PBXBuildFile; fileRef = 918F3BCE1BA754D50040C108 /* ViewController.swift */; };
		918F3BD41BA754D50040C108 /* Images.xcassets in Resources */ = {isa = PBXBuildFile; fileRef = 918F3BD31BA754D50040C108 /* Images.xcassets */; };
		918F3BD71BA754D50040C108 /* LaunchScreen.xib in Resources */ = {isa = PBXBuildFile; fileRef = 918F3BD51BA754D50040C108 /* LaunchScreen.xib */; };
		918F3BE31BA754D50040C108 /* SimpleCoreDataHotAndCrazyTests.swift in Sources */ = {isa = PBXBuildFile; fileRef = 918F3BE21BA754D50040C108 /* SimpleCoreDataHotAndCrazyTests.swift */; };
		918F3BEE1BA770070040C108 /* GirlProfile.swift in Sources */ = {isa = PBXBuildFile; fileRef = 918F3BEC1BA770070040C108 /* GirlProfile.swift */; };
		918F3BEF1BA770070040C108 /* EntriesForProfile.swift in Sources */ = {isa = PBXBuildFile; fileRef = 918F3BED1BA770070040C108 /* EntriesForProfile.swift */; };
		91BF04C31BA77E1E006BCECE /* ScoringHotViewController.swift in Sources */ = {isa = PBXBuildFile; fileRef = 91BF04C21BA77E1E006BCECE /* ScoringHotViewController.swift */; };
		91BF04C51BA77E3B006BCECE /* ScoringCrazyViewController.swift in Sources */ = {isa = PBXBuildFile; fileRef = 91BF04C41BA77E3B006BCECE /* ScoringCrazyViewController.swift */; };
		91BF04C71BA77E81006BCECE /* NewEntryProfilesTableVC.swift in Sources */ = {isa = PBXBuildFile; fileRef = 91BF04C61BA77E81006BCECE /* NewEntryProfilesTableVC.swift */; };
		91BF04C91BA77EAA006BCECE /* NewProfileViewController.swift in Sources */ = {isa = PBXBuildFile; fileRef = 91BF04C81BA77EAA006BCECE /* NewProfileViewController.swift */; };
		91BF04CB1BA77F35006BCECE /* CurrentProfilesTableVC.swift in Sources */ = {isa = PBXBuildFile; fileRef = 91BF04CA1BA77F35006BCECE /* CurrentProfilesTableVC.swift */; };
		91BF04CD1BA8B2C9006BCECE /* CoreDataTestVC.swift in Sources */ = {isa = PBXBuildFile; fileRef = 91BF04CC1BA8B2C9006BCECE /* CoreDataTestVC.swift */; };
		91BF04CF1BAAA71B006BCECE /* Main.storyboard in Resources */ = {isa = PBXBuildFile; fileRef = 91BF04CE1BAAA71B006BCECE /* Main.storyboard */; };
/* End PBXBuildFile section */

/* Begin PBXContainerItemProxy section */
		918F3BDD1BA754D50040C108 /* PBXContainerItemProxy */ = {
			isa = PBXContainerItemProxy;
			containerPortal = 918F3BBC1BA754D50040C108 /* Project object */;
			proxyType = 1;
			remoteGlobalIDString = 918F3BC31BA754D50040C108;
			remoteInfo = SimpleCoreDataHotAndCrazy;
		};
/* End PBXContainerItemProxy section */

/* Begin PBXFileReference section */
		911937C61C5FA19000F3E733 /* AverageScoreVC.swift */ = {isa = PBXFileReference; fileEncoding = 4; lastKnownFileType = sourcecode.swift; path = AverageScoreVC.swift; sourceTree = "<group>"; };
		911937C81C5FA66A00F3E733 /* OptionsForSelectedProfileVC.swift */ = {isa = PBXFileReference; fileEncoding = 4; lastKnownFileType = sourcecode.swift; path = OptionsForSelectedProfileVC.swift; sourceTree = "<group>"; };
		911937CA1C5FAA3100F3E733 /* BestScoreVC.swift */ = {isa = PBXFileReference; fileEncoding = 4; lastKnownFileType = sourcecode.swift; path = BestScoreVC.swift; sourceTree = "<group>"; };
		911937CC1C5FAA4A00F3E733 /* EditProfileVC.swift */ = {isa = PBXFileReference; fileEncoding = 4; lastKnownFileType = sourcecode.swift; path = EditProfileVC.swift; sourceTree = "<group>"; };
		9186AE4E1C5BEBBC0033AEF0 /* EntriesForSelectedProfileTableVC.swift */ = {isa = PBXFileReference; fileEncoding = 4; lastKnownFileType = sourcecode.swift; path = EntriesForSelectedProfileTableVC.swift; sourceTree = "<group>"; };
		918F3BC41BA754D50040C108 /* SimpleCoreDataHotAndCrazy.app */ = {isa = PBXFileReference; explicitFileType = wrapper.application; includeInIndex = 0; path = SimpleCoreDataHotAndCrazy.app; sourceTree = BUILT_PRODUCTS_DIR; };
		918F3BC81BA754D50040C108 /* Info.plist */ = {isa = PBXFileReference; lastKnownFileType = text.plist.xml; path = Info.plist; sourceTree = "<group>"; };
		918F3BC91BA754D50040C108 /* AppDelegate.swift */ = {isa = PBXFileReference; lastKnownFileType = sourcecode.swift; path = AppDelegate.swift; sourceTree = "<group>"; };
		918F3BCC1BA754D50040C108 /* SimpleCoreDataHotAndCrazy.xcdatamodel */ = {isa = PBXFileReference; lastKnownFileType = wrapper.xcdatamodel; path = SimpleCoreDataHotAndCrazy.xcdatamodel; sourceTree = "<group>"; };
		918F3BCE1BA754D50040C108 /* ViewController.swift */ = {isa = PBXFileReference; lastKnownFileType = sourcecode.swift; path = ViewController.swift; sourceTree = "<group>"; };
		918F3BD31BA754D50040C108 /* Images.xcassets */ = {isa = PBXFileReference; lastKnownFileType = folder.assetcatalog; path = Images.xcassets; sourceTree = "<group>"; };
		918F3BD61BA754D50040C108 /* Base */ = {isa = PBXFileReference; lastKnownFileType = file.xib; name = Base; path = Base.lproj/LaunchScreen.xib; sourceTree = "<group>"; };
		918F3BDC1BA754D50040C108 /* SimpleCoreDataHotAndCrazyTests.xctest */ = {isa = PBXFileReference; explicitFileType = wrapper.cfbundle; includeInIndex = 0; path = SimpleCoreDataHotAndCrazyTests.xctest; sourceTree = BUILT_PRODUCTS_DIR; };
		918F3BE11BA754D50040C108 /* Info.plist */ = {isa = PBXFileReference; lastKnownFileType = text.plist.xml; path = Info.plist; sourceTree = "<group>"; };
		918F3BE21BA754D50040C108 /* SimpleCoreDataHotAndCrazyTests.swift */ = {isa = PBXFileReference; lastKnownFileType = sourcecode.swift; path = SimpleCoreDataHotAndCrazyTests.swift; sourceTree = "<group>"; };
		918F3BEC1BA770070040C108 /* GirlProfile.swift */ = {isa = PBXFileReference; fileEncoding = 4; lastKnownFileType = sourcecode.swift; path = GirlProfile.swift; sourceTree = "<group>"; };
		918F3BED1BA770070040C108 /* EntriesForProfile.swift */ = {isa = PBXFileReference; fileEncoding = 4; lastKnownFileType = sourcecode.swift; path = EntriesForProfile.swift; sourceTree = "<group>"; };
		91BF04C21BA77E1E006BCECE /* ScoringHotViewController.swift */ = {isa = PBXFileReference; fileEncoding = 4; lastKnownFileType = sourcecode.swift; path = ScoringHotViewController.swift; sourceTree = "<group>"; };
		91BF04C41BA77E3B006BCECE /* ScoringCrazyViewController.swift */ = {isa = PBXFileReference; fileEncoding = 4; lastKnownFileType = sourcecode.swift; path = ScoringCrazyViewController.swift; sourceTree = "<group>"; };
		91BF04C61BA77E81006BCECE /* NewEntryProfilesTableVC.swift */ = {isa = PBXFileReference; fileEncoding = 4; lastKnownFileType = sourcecode.swift; path = NewEntryProfilesTableVC.swift; sourceTree = "<group>"; };
		91BF04C81BA77EAA006BCECE /* NewProfileViewController.swift */ = {isa = PBXFileReference; fileEncoding = 4; lastKnownFileType = sourcecode.swift; path = NewProfileViewController.swift; sourceTree = "<group>"; };
		91BF04CA1BA77F35006BCECE /* CurrentProfilesTableVC.swift */ = {isa = PBXFileReference; fileEncoding = 4; lastKnownFileType = sourcecode.swift; path = CurrentProfilesTableVC.swift; sourceTree = "<group>"; };
		91BF04CC1BA8B2C9006BCECE /* CoreDataTestVC.swift */ = {isa = PBXFileReference; fileEncoding = 4; lastKnownFileType = sourcecode.swift; path = CoreDataTestVC.swift; sourceTree = "<group>"; };
		91BF04CE1BAAA71B006BCECE /* Main.storyboard */ = {isa = PBXFileReference; fileEncoding = 4; lastKnownFileType = file.storyboard; path = Main.storyboard; sourceTree = "<group>"; };
/* End PBXFileReference section */

/* Begin PBXFrameworksBuildPhase section */
		918F3BC11BA754D50040C108 /* Frameworks */ = {
			isa = PBXFrameworksBuildPhase;
			buildActionMask = 2147483647;
			files = (
			);
			runOnlyForDeploymentPostprocessing = 0;
		};
		918F3BD91BA754D50040C108 /* Frameworks */ = {
			isa = PBXFrameworksBuildPhase;
			buildActionMask = 2147483647;
			files = (
			);
			runOnlyForDeploymentPostprocessing = 0;
		};
/* End PBXFrameworksBuildPhase section */

/* Begin PBXGroup section */
		918F3BBB1BA754D50040C108 = {
			isa = PBXGroup;
			children = (
				918F3BC61BA754D50040C108 /* SimpleCoreDataHotAndCrazy */,
				918F3BDF1BA754D50040C108 /* SimpleCoreDataHotAndCrazyTests */,
				918F3BC51BA754D50040C108 /* Products */,
			);
			sourceTree = "<group>";
		};
		918F3BC51BA754D50040C108 /* Products */ = {
			isa = PBXGroup;
			children = (
				918F3BC41BA754D50040C108 /* SimpleCoreDataHotAndCrazy.app */,
				918F3BDC1BA754D50040C108 /* SimpleCoreDataHotAndCrazyTests.xctest */,
			);
			name = Products;
			sourceTree = "<group>";
		};
		918F3BC61BA754D50040C108 /* SimpleCoreDataHotAndCrazy */ = {
			isa = PBXGroup;
			children = (
				91BF04CE1BAAA71B006BCECE /* Main.storyboard */,
				918F3BC91BA754D50040C108 /* AppDelegate.swift */,
				918F3BCE1BA754D50040C108 /* ViewController.swift */,
				91BF04C21BA77E1E006BCECE /* ScoringHotViewController.swift */,
				91BF04C41BA77E3B006BCECE /* ScoringCrazyViewController.swift */,
				91BF04C61BA77E81006BCECE /* NewEntryProfilesTableVC.swift */,
				91BF04C81BA77EAA006BCECE /* NewProfileViewController.swift */,
				91BF04CC1BA8B2C9006BCECE /* CoreDataTestVC.swift */,
				91BF04CA1BA77F35006BCECE /* CurrentProfilesTableVC.swift */,
				911937C81C5FA66A00F3E733 /* OptionsForSelectedProfileVC.swift */,
				911937C61C5FA19000F3E733 /* AverageScoreVC.swift */,
				911937CA1C5FAA3100F3E733 /* BestScoreVC.swift */,
				911937CC1C5FAA4A00F3E733 /* EditProfileVC.swift */,
				9186AE4E1C5BEBBC0033AEF0 /* EntriesForSelectedProfileTableVC.swift */,
				918F3BEC1BA770070040C108 /* GirlProfile.swift */,
				918F3BED1BA770070040C108 /* EntriesForProfile.swift */,
				918F3BD31BA754D50040C108 /* Images.xcassets */,
				918F3BD51BA754D50040C108 /* LaunchScreen.xib */,
				918F3BCB1BA754D50040C108 /* SimpleCoreDataHotAndCrazy.xcdatamodeld */,
				918F3BC71BA754D50040C108 /* Supporting Files */,
			);
			path = SimpleCoreDataHotAndCrazy;
			sourceTree = "<group>";
		};
		918F3BC71BA754D50040C108 /* Supporting Files */ = {
			isa = PBXGroup;
			children = (
				918F3BC81BA754D50040C108 /* Info.plist */,
			);
			name = "Supporting Files";
			sourceTree = "<group>";
		};
		918F3BDF1BA754D50040C108 /* SimpleCoreDataHotAndCrazyTests */ = {
			isa = PBXGroup;
			children = (
				918F3BE21BA754D50040C108 /* SimpleCoreDataHotAndCrazyTests.swift */,
				918F3BE01BA754D50040C108 /* Supporting Files */,
			);
			path = SimpleCoreDataHotAndCrazyTests;
			sourceTree = "<group>";
		};
		918F3BE01BA754D50040C108 /* Supporting Files */ = {
			isa = PBXGroup;
			children = (
				918F3BE11BA754D50040C108 /* Info.plist */,
			);
			name = "Supporting Files";
			sourceTree = "<group>";
		};
/* End PBXGroup section */

/* Begin PBXNativeTarget section */
		918F3BC31BA754D50040C108 /* SimpleCoreDataHotAndCrazy */ = {
			isa = PBXNativeTarget;
			buildConfigurationList = 918F3BE61BA754D50040C108 /* Build configuration list for PBXNativeTarget "SimpleCoreDataHotAndCrazy" */;
			buildPhases = (
				918F3BC01BA754D50040C108 /* Sources */,
				918F3BC11BA754D50040C108 /* Frameworks */,
				918F3BC21BA754D50040C108 /* Resources */,
			);
			buildRules = (
			);
			dependencies = (
			);
			name = SimpleCoreDataHotAndCrazy;
			productName = SimpleCoreDataHotAndCrazy;
			productReference = 918F3BC41BA754D50040C108 /* SimpleCoreDataHotAndCrazy.app */;
			productType = "com.apple.product-type.application";
		};
		918F3BDB1BA754D50040C108 /* SimpleCoreDataHotAndCrazyTests */ = {
			isa = PBXNativeTarget;
			buildConfigurationList = 918F3BE91BA754D50040C108 /* Build configuration list for PBXNativeTarget "SimpleCoreDataHotAndCrazyTests" */;
			buildPhases = (
				918F3BD81BA754D50040C108 /* Sources */,
				918F3BD91BA754D50040C108 /* Frameworks */,
				918F3BDA1BA754D50040C108 /* Resources */,
			);
			buildRules = (
			);
			dependencies = (
				918F3BDE1BA754D50040C108 /* PBXTargetDependency */,
			);
			name = SimpleCoreDataHotAndCrazyTests;
			productName = SimpleCoreDataHotAndCrazyTests;
			productReference = 918F3BDC1BA754D50040C108 /* SimpleCoreDataHotAndCrazyTests.xctest */;
			productType = "com.apple.product-type.bundle.unit-test";
		};
/* End PBXNativeTarget section */

/* Begin PBXProject section */
		918F3BBC1BA754D50040C108 /* Project object */ = {
			isa = PBXProject;
			attributes = {
				LastSwiftMigration = 0710;
				LastSwiftUpdateCheck = 0710;
				LastUpgradeCheck = 0710;
				ORGANIZATIONNAME = Bufni;
				TargetAttributes = {
					918F3BC31BA754D50040C108 = {
						CreatedOnToolsVersion = 6.4;
						DevelopmentTeam = BPPT22HK85;
					};
					918F3BDB1BA754D50040C108 = {
						CreatedOnToolsVersion = 6.4;
						TestTargetID = 918F3BC31BA754D50040C108;
					};
				};
			};
			buildConfigurationList = 918F3BBF1BA754D50040C108 /* Build configuration list for PBXProject "SimpleCoreDataHotAndCrazy" */;
			compatibilityVersion = "Xcode 3.2";
			developmentRegion = English;
			hasScannedForEncodings = 0;
			knownRegions = (
				en,
				Base,
			);
			mainGroup = 918F3BBB1BA754D50040C108;
			productRefGroup = 918F3BC51BA754D50040C108 /* Products */;
			projectDirPath = "";
			projectRoot = "";
			targets = (
				918F3BC31BA754D50040C108 /* SimpleCoreDataHotAndCrazy */,
				918F3BDB1BA754D50040C108 /* SimpleCoreDataHotAndCrazyTests */,
			);
		};
/* End PBXProject section */

/* Begin PBXResourcesBuildPhase section */
		918F3BC21BA754D50040C108 /* Resources */ = {
			isa = PBXResourcesBuildPhase;
			buildActionMask = 2147483647;
			files = (
				91BF04CF1BAAA71B006BCECE /* Main.storyboard in Resources */,
				918F3BD71BA754D50040C108 /* LaunchScreen.xib in Resources */,
				918F3BD41BA754D50040C108 /* Images.xcassets in Resources */,
			);
			runOnlyForDeploymentPostprocessing = 0;
		};
		918F3BDA1BA754D50040C108 /* Resources */ = {
			isa = PBXResourcesBuildPhase;
			buildActionMask = 2147483647;
			files = (
			);
			runOnlyForDeploymentPostprocessing = 0;
		};
/* End PBXResourcesBuildPhase section */

/* Begin PBXSourcesBuildPhase section */
		918F3BC01BA754D50040C108 /* Sources */ = {
			isa = PBXSourcesBuildPhase;
			buildActionMask = 2147483647;
			files = (
				918F3BEF1BA770070040C108 /* EntriesForProfile.swift in Sources */,
				91BF04C71BA77E81006BCECE /* NewEntryProfilesTableVC.swift in Sources */,
				918F3BCF1BA754D50040C108 /* ViewController.swift in Sources */,
				91BF04C31BA77E1E006BCECE /* ScoringHotViewController.swift in Sources */,
				918F3BCD1BA754D50040C108 /* SimpleCoreDataHotAndCrazy.xcdatamodeld in Sources */,
				9186AE4F1C5BEBBC0033AEF0 /* EntriesForSelectedProfileTableVC.swift in Sources */,
				911937CB1C5FAA3100F3E733 /* BestScoreVC.swift in Sources */,
				911937C91C5FA66A00F3E733 /* OptionsForSelectedProfileVC.swift in Sources */,
				91BF04C51BA77E3B006BCECE /* ScoringCrazyViewController.swift in Sources */,
				918F3BCA1BA754D50040C108 /* AppDelegate.swift in Sources */,
				911937C71C5FA19000F3E733 /* AverageScoreVC.swift in Sources */,
				918F3BEE1BA770070040C108 /* GirlProfile.swift in Sources */,
				91BF04C91BA77EAA006BCECE /* NewProfileViewController.swift in Sources */,
				91BF04CD1BA8B2C9006BCECE /* CoreDataTestVC.swift in Sources */,
				911937CD1C5FAA4A00F3E733 /* EditProfileVC.swift in Sources */,
				91BF04CB1BA77F35006BCECE /* CurrentProfilesTableVC.swift in Sources */,
			);
			runOnlyForDeploymentPostprocessing = 0;
		};
		918F3BD81BA754D50040C108 /* Sources */ = {
			isa = PBXSourcesBuildPhase;
			buildActionMask = 2147483647;
			files = (
				918F3BE31BA754D50040C108 /* SimpleCoreDataHotAndCrazyTests.swift in Sources */,
			);
			runOnlyForDeploymentPostprocessing = 0;
		};
/* End PBXSourcesBuildPhase section */

/* Begin PBXTargetDependency section */
		918F3BDE1BA754D50040C108 /* PBXTargetDependency */ = {
			isa = PBXTargetDependency;
			target = 918F3BC31BA754D50040C108 /* SimpleCoreDataHotAndCrazy */;
			targetProxy = 918F3BDD1BA754D50040C108 /* PBXContainerItemProxy */;
		};
/* End PBXTargetDependency section */

/* Begin PBXVariantGroup section */
		918F3BD51BA754D50040C108 /* LaunchScreen.xib */ = {
			isa = PBXVariantGroup;
			children = (
				918F3BD61BA754D50040C108 /* Base */,
			);
			name = LaunchScreen.xib;
			sourceTree = "<group>";
		};
/* End PBXVariantGroup section */

/* Begin XCBuildConfiguration section */
		918F3BE41BA754D50040C108 /* Debug */ = {
			isa = XCBuildConfiguration;
			buildSettings = {
				ALWAYS_SEARCH_USER_PATHS = NO;
				CLANG_CXX_LANGUAGE_STANDARD = "gnu++0x";
				CLANG_CXX_LIBRARY = "libc++";
				CLANG_ENABLE_MODULES = YES;
				CLANG_ENABLE_OBJC_ARC = YES;
				CLANG_WARN_BOOL_CONVERSION = YES;
				CLANG_WARN_CONSTANT_CONVERSION = YES;
				CLANG_WARN_DIRECT_OBJC_ISA_USAGE = YES_ERROR;
				CLANG_WARN_EMPTY_BODY = YES;
				CLANG_WARN_ENUM_CONVERSION = YES;
				CLANG_WARN_INT_CONVERSION = YES;
				CLANG_WARN_OBJC_ROOT_CLASS = YES_ERROR;
				CLANG_WARN_UNREACHABLE_CODE = YES;
				CLANG_WARN__DUPLICATE_METHOD_MATCH = YES;
				"CODE_SIGN_IDENTITY[sdk=iphoneos*]" = "iPhone Developer";
				COPY_PHASE_STRIP = NO;
				DEBUG_INFORMATION_FORMAT = "dwarf-with-dsym";
				ENABLE_STRICT_OBJC_MSGSEND = YES;
				ENABLE_TESTABILITY = YES;
				GCC_C_LANGUAGE_STANDARD = gnu99;
				GCC_DYNAMIC_NO_PIC = NO;
				GCC_NO_COMMON_BLOCKS = YES;
				GCC_OPTIMIZATION_LEVEL = 0;
				GCC_PREPROCESSOR_DEFINITIONS = (
					"DEBUG=1",
					"$(inherited)",
				);
				GCC_SYMBOLS_PRIVATE_EXTERN = NO;
				GCC_WARN_64_TO_32_BIT_CONVERSION = YES;
				GCC_WARN_ABOUT_RETURN_TYPE = YES_ERROR;
				GCC_WARN_UNDECLARED_SELECTOR = YES;
				GCC_WARN_UNINITIALIZED_AUTOS = YES_AGGRESSIVE;
				GCC_WARN_UNUSED_FUNCTION = YES;
				GCC_WARN_UNUSED_VARIABLE = YES;
				IPHONEOS_DEPLOYMENT_TARGET = 8.4;
				MTL_ENABLE_DEBUG_INFO = YES;
				ONLY_ACTIVE_ARCH = YES;
				SDKROOT = iphoneos;
				SWIFT_OPTIMIZATION_LEVEL = "-Onone";
			};
			name = Debug;
		};
		918F3BE51BA754D50040C108 /* Release */ = {
			isa = XCBuildConfiguration;
			buildSettings = {
				ALWAYS_SEARCH_USER_PATHS = NO;
				CLANG_CXX_LANGUAGE_STANDARD = "gnu++0x";
				CLANG_CXX_LIBRARY = "libc++";
				CLANG_ENABLE_MODULES = YES;
				CLANG_ENABLE_OBJC_ARC = YES;
				CLANG_WARN_BOOL_CONVERSION = YES;
				CLANG_WARN_CONSTANT_CONVERSION = YES;
				CLANG_WARN_DIRECT_OBJC_ISA_USAGE = YES_ERROR;
				CLANG_WARN_EMPTY_BODY = YES;
				CLANG_WARN_ENUM_CONVERSION = YES;
				CLANG_WARN_INT_CONVERSION = YES;
				CLANG_WARN_OBJC_ROOT_CLASS = YES_ERROR;
				CLANG_WARN_UNREACHABLE_CODE = YES;
				CLANG_WARN__DUPLICATE_METHOD_MATCH = YES;
				"CODE_SIGN_IDENTITY[sdk=iphoneos*]" = "iPhone Developer";
				COPY_PHASE_STRIP = NO;
				DEBUG_INFORMATION_FORMAT = "dwarf-with-dsym";
				ENABLE_NS_ASSERTIONS = NO;
				ENABLE_STRICT_OBJC_MSGSEND = YES;
				GCC_C_LANGUAGE_STANDARD = gnu99;
				GCC_NO_COMMON_BLOCKS = YES;
				GCC_WARN_64_TO_32_BIT_CONVERSION = YES;
				GCC_WARN_ABOUT_RETURN_TYPE = YES_ERROR;
				GCC_WARN_UNDECLARED_SELECTOR = YES;
				GCC_WARN_UNINITIALIZED_AUTOS = YES_AGGRESSIVE;
				GCC_WARN_UNUSED_FUNCTION = YES;
				GCC_WARN_UNUSED_VARIABLE = YES;
				IPHONEOS_DEPLOYMENT_TARGET = 8.4;
				MTL_ENABLE_DEBUG_INFO = NO;
				SDKROOT = iphoneos;
				VALIDATE_PRODUCT = YES;
			};
			name = Release;
		};
		918F3BE71BA754D50040C108 /* Debug */ = {
			isa = XCBuildConfiguration;
			buildSettings = {
				ASSETCATALOG_COMPILER_APPICON_NAME = AppIcon;
				CODE_SIGN_IDENTITY = "iPhone Developer";
				"CODE_SIGN_IDENTITY[sdk=iphoneos*]" = "iPhone Developer";
				INFOPLIST_FILE = SimpleCoreDataHotAndCrazy/Info.plist;
				LD_RUNPATH_SEARCH_PATHS = "$(inherited) @executable_path/Frameworks";
				PRODUCT_BUNDLE_IDENTIFIER = "Bufni.$(PRODUCT_NAME:rfc1034identifier)";
				PRODUCT_NAME = "$(TARGET_NAME)";
				PROVISIONING_PROFILE = "";
			};
			name = Debug;
		};
		918F3BE81BA754D50040C108 /* Release */ = {
			isa = XCBuildConfiguration;
			buildSettings = {
				ASSETCATALOG_COMPILER_APPICON_NAME = AppIcon;
				CODE_SIGN_IDENTITY = "iPhone Developer";
				"CODE_SIGN_IDENTITY[sdk=iphoneos*]" = "iPhone Developer";
				INFOPLIST_FILE = SimpleCoreDataHotAndCrazy/Info.plist;
				LD_RUNPATH_SEARCH_PATHS = "$(inherited) @executable_path/Frameworks";
				PRODUCT_BUNDLE_IDENTIFIER = "Bufni.$(PRODUCT_NAME:rfc1034identifier)";
				PRODUCT_NAME = "$(TARGET_NAME)";
				PROVISIONING_PROFILE = "";
			};
			name = Release;
		};
		918F3BEA1BA754D50040C108 /* Debug */ = {
			isa = XCBuildConfiguration;
			buildSettings = {
				BUNDLE_LOADER = "$(TEST_HOST)";
				FRAMEWORK_SEARCH_PATHS = (
					"$(SDKROOT)/Developer/Library/Frameworks",
					"$(inherited)",
				);
				GCC_PREPROCESSOR_DEFINITIONS = (
					"DEBUG=1",
					"$(inherited)",
				);
				INFOPLIST_FILE = SimpleCoreDataHotAndCrazyTests/Info.plist;
				LD_RUNPATH_SEARCH_PATHS = "$(inherited) @executable_path/Frameworks @loader_path/Frameworks";
				PRODUCT_BUNDLE_IDENTIFIER = "Bufni.$(PRODUCT_NAME:rfc1034identifier)";
				PRODUCT_NAME = "$(TARGET_NAME)";
				TEST_HOST = "$(BUILT_PRODUCTS_DIR)/SimpleCoreDataHotAndCrazy.app/SimpleCoreDataHotAndCrazy";
			};
			name = Debug;
		};
		918F3BEB1BA754D50040C108 /* Release */ = {
			isa = XCBuildConfiguration;
			buildSettings = {
				BUNDLE_LOADER = "$(TEST_HOST)";
				FRAMEWORK_SEARCH_PATHS = (
					"$(SDKROOT)/Developer/Library/Frameworks",
					"$(inherited)",
				);
				INFOPLIST_FILE = SimpleCoreDataHotAndCrazyTests/Info.plist;
				LD_RUNPATH_SEARCH_PATHS = "$(inherited) @executable_path/Frameworks @loader_path/Frameworks";
				PRODUCT_BUNDLE_IDENTIFIER = "Bufni.$(PRODUCT_NAME:rfc1034identifier)";
				PRODUCT_NAME = "$(TARGET_NAME)";
				TEST_HOST = "$(BUILT_PRODUCTS_DIR)/SimpleCoreDataHotAndCrazy.app/SimpleCoreDataHotAndCrazy";
			};
			name = Release;
		};
/* End XCBuildConfiguration section */

/* Begin XCConfigurationList section */
		918F3BBF1BA754D50040C108 /* Build configuration list for PBXProject "SimpleCoreDataHotAndCrazy" */ = {
			isa = XCConfigurationList;
			buildConfigurations = (
				918F3BE41BA754D50040C108 /* Debug */,
				918F3BE51BA754D50040C108 /* Release */,
			);
			defaultConfigurationIsVisible = 0;
			defaultConfigurationName = Release;
		};
		918F3BE61BA754D50040C108 /* Build configuration list for PBXNativeTarget "SimpleCoreDataHotAndCrazy" */ = {
			isa = XCConfigurationList;
			buildConfigurations = (
				918F3BE71BA754D50040C108 /* Debug */,
				918F3BE81BA754D50040C108 /* Release */,
			);
			defaultConfigurationIsVisible = 0;
			defaultConfigurationName = Release;
		};
		918F3BE91BA754D50040C108 /* Build configuration list for PBXNativeTarget "SimpleCoreDataHotAndCrazyTests" */ = {
			isa = XCConfigurationList;
			buildConfigurations = (
				918F3BEA1BA754D50040C108 /* Debug */,
				918F3BEB1BA754D50040C108 /* Release */,
			);
			defaultConfigurationIsVisible = 0;
			defaultConfigurationName = Release;
		};
/* End XCConfigurationList section */

/* Begin XCVersionGroup section */
		918F3BCB1BA754D50040C108 /* SimpleCoreDataHotAndCrazy.xcdatamodeld */ = {
			isa = XCVersionGroup;
			children = (
				918F3BCC1BA754D50040C108 /* SimpleCoreDataHotAndCrazy.xcdatamodel */,
			);
			currentVersion = 918F3BCC1BA754D50040C108 /* SimpleCoreDataHotAndCrazy.xcdatamodel */;
			path = SimpleCoreDataHotAndCrazy.xcdatamodeld;
			sourceTree = "<group>";
			versionGroupType = wrapper.xcdatamodel;
		};
/* End XCVersionGroup section */
	};
	rootObject = 918F3BBC1BA754D50040C108 /* Project object */;
}
